
Microsoft Visual Studio Solution File, Format Version 12.00
# Visual Studio Version 17
VisualStudioVersion = 17.6.33829.357
MinimumVisualStudioVersion = 10.0.40219.1
Project("{9A19103F-16F7-4668-BE54-9A1E7A4F7556}") = "Untis Desktop", "Untis Desktop\Untis Desktop.csproj", "{33191BAB-7FAE-430E-AF3E-802D627F0600}"
EndProject
Project("{9A19103F-16F7-4668-BE54-9A1E7A4F7556}") = "Update", "Update\Update.csproj", "{4F47DEF5-732B-4A91-AE5A-D08E93071393}"
EndProject
Project("{2150E333-8FDC-42A3-9474-1A3956D46DE8}") = "Solution Items", "Solution Items", "{8686C99F-2AF5-4F13-B682-C5DA6A6C3D5D}"
EndProject
Project("{9A19103F-16F7-4668-BE54-9A1E7A4F7556}") = "Data", "Data\Data.csproj", "{0619766B-35F0-4257-91FB-D91ABB60F2E1}"
EndProject
Global
	GlobalSection(SolutionConfigurationPlatforms) = preSolution
		Debug|Any CPU = Debug|Any CPU
		Release|Any CPU = Release|Any CPU
	EndGlobalSection
	GlobalSection(ProjectConfigurationPlatforms) = postSolution
		{33191BAB-7FAE-430E-AF3E-802D627F0600}.Debug|Any CPU.ActiveCfg = Debug|Any CPU
		{33191BAB-7FAE-430E-AF3E-802D627F0600}.Debug|Any CPU.Build.0 = Debug|Any CPU
		{33191BAB-7FAE-430E-AF3E-802D627F0600}.Release|Any CPU.ActiveCfg = Release|Any CPU
		{33191BAB-7FAE-430E-AF3E-802D627F0600}.Release|Any CPU.Build.0 = Release|Any CPU
		{4F47DEF5-732B-4A91-AE5A-D08E93071393}.Debug|Any CPU.ActiveCfg = Debug|Any CPU
		{4F47DEF5-732B-4A91-AE5A-D08E93071393}.Debug|Any CPU.Build.0 = Debug|Any CPU
		{4F47DEF5-732B-4A91-AE5A-D08E93071393}.Release|Any CPU.ActiveCfg = Release|Any CPU
		{4F47DEF5-732B-4A91-AE5A-D08E93071393}.Release|Any CPU.Build.0 = Release|Any CPU
		{0619766B-35F0-4257-91FB-D91ABB60F2E1}.Debug|Any CPU.ActiveCfg = Debug|Any CPU
		{0619766B-35F0-4257-91FB-D91ABB60F2E1}.Debug|Any CPU.Build.0 = Debug|Any CPU
		{0619766B-35F0-4257-91FB-D91ABB60F2E1}.Release|Any CPU.ActiveCfg = Release|Any CPU
		{0619766B-35F0-4257-91FB-D91ABB60F2E1}.Release|Any CPU.Build.0 = Release|Any CPU
	EndGlobalSection
	GlobalSection(SolutionProperties) = preSolution
		HideSolutionNode = FALSE
	EndGlobalSection
	GlobalSection(NestedProjects) = preSolution
		{0619766B-35F0-4257-91FB-D91ABB60F2E1} = {8686C99F-2AF5-4F13-B682-C5DA6A6C3D5D}
	EndGlobalSection
	GlobalSection(ExtensibilityGlobals) = postSolution
		SolutionGuid = {015898DB-6823-4092-BF0A-7876371B8FF1}
	EndGlobalSection
EndGlobal
